// !$*UTF8*$!
{
	archiveVersion = 1;
	classes = {
	};
	objectVersion = 46;
	objects = {

/* Begin PBXBuildFile section */
		21A3628F1F06790A00F663BD /* AppDelegate.swift in Sources */ = {isa = PBXBuildFile; fileRef = 21A3628E1F06790A00F663BD /* AppDelegate.swift */; };
		21A362911F06792100F663BD /* ViewController.storyboard in Resources */ = {isa = PBXBuildFile; fileRef = 21A362901F06792100F663BD /* ViewController.storyboard */; };
		21A362931F06793200F663BD /* ViewController.swift in Sources */ = {isa = PBXBuildFile; fileRef = 21A362921F06793200F663BD /* ViewController.swift */; };
		21A362951F06794700F663BD /* TableViewController.swift in Sources */ = {isa = PBXBuildFile; fileRef = 21A362941F06794700F663BD /* TableViewController.swift */; };
		21A362971F06795700F663BD /* CollectionViewController.swift in Sources */ = {isa = PBXBuildFile; fileRef = 21A362961F06795700F663BD /* CollectionViewController.swift */; };
		21A362991F06796500F663BD /* PageViewController.swift in Sources */ = {isa = PBXBuildFile; fileRef = 21A362981F06796500F663BD /* PageViewController.swift */; };
		21A3629C1F06797A00F663BD /* TableViewHeaderFooterView.swift in Sources */ = {isa = PBXBuildFile; fileRef = 21A3629A1F06797A00F663BD /* TableViewHeaderFooterView.swift */; };
		21A3629D1F06797A00F663BD /* TableViewHeaderFooterView.xib in Resources */ = {isa = PBXBuildFile; fileRef = 21A3629B1F06797A00F663BD /* TableViewHeaderFooterView.xib */; };
		21A362A01F06798D00F663BD /* CollectionReusableView.swift in Sources */ = {isa = PBXBuildFile; fileRef = 21A3629E1F06798D00F663BD /* CollectionReusableView.swift */; };
		21A362A11F06798D00F663BD /* CollectionReusableView.xib in Resources */ = {isa = PBXBuildFile; fileRef = 21A3629F1F06798D00F663BD /* CollectionReusableView.xib */; };
		21A362A41F06799C00F663BD /* TableViewCell.swift in Sources */ = {isa = PBXBuildFile; fileRef = 21A362A21F06799C00F663BD /* TableViewCell.swift */; };
		21A362A51F06799C00F663BD /* TableViewCell.xib in Resources */ = {isa = PBXBuildFile; fileRef = 21A362A31F06799C00F663BD /* TableViewCell.xib */; };
		21A362A81F0679B600F663BD /* CollectionViewCell.swift in Sources */ = {isa = PBXBuildFile; fileRef = 21A362A61F0679B600F663BD /* CollectionViewCell.swift */; };
		21A362A91F0679B600F663BD /* CollectionViewCell.xib in Resources */ = {isa = PBXBuildFile; fileRef = 21A362A71F0679B600F663BD /* CollectionViewCell.xib */; };
		21A362AC1F0679C600F663BD /* Assets.xcassets in Resources */ = {isa = PBXBuildFile; fileRef = 21A362AA1F0679C600F663BD /* Assets.xcassets */; };
		21A362AD1F0679C600F663BD /* Info.plist in Resources */ = {isa = PBXBuildFile; fileRef = 21A362AB1F0679C600F663BD /* Info.plist */; };
		21A362C11F068F2400F663BD /* Router.swift in Sources */ = {isa = PBXBuildFile; fileRef = 21A362BF1F068F2400F663BD /* Router.swift */; };
		21A362C21F068F2400F663BD /* Routing.swift in Sources */ = {isa = PBXBuildFile; fileRef = 21A362C01F068F2400F663BD /* Routing.swift */; };
		45059EFE56308BCCB3CBEC98 /* Pods_RiseOfSkills.framework in Frameworks */ = {isa = PBXBuildFile; fileRef = CAE2AC0E39AB39429D821B9B /* Pods_RiseOfSkills.framework */; };
/* End PBXBuildFile section */

/* Begin PBXFileReference section */
		2140F8421EE04BC8000942A4 /* RiseOfSkills.app */ = {isa = PBXFileReference; explicitFileType = wrapper.application; includeInIndex = 0; path = RiseOfSkills.app; sourceTree = BUILT_PRODUCTS_DIR; };
		21A3628E1F06790A00F663BD /* AppDelegate.swift */ = {isa = PBXFileReference; fileEncoding = 4; lastKnownFileType = sourcecode.swift; name = AppDelegate.swift; path = RiseOfSkills/Code/AppDelegate/AppDelegate.swift; sourceTree = SOURCE_ROOT; };
		21A362901F06792100F663BD /* ViewController.storyboard */ = {isa = PBXFileReference; fileEncoding = 4; lastKnownFileType = file.storyboard; name = ViewController.storyboard; path = RiseOfSkills/Code/Controllers/UIViewController/ViewController.storyboard; sourceTree = SOURCE_ROOT; };
		21A362921F06793200F663BD /* ViewController.swift */ = {isa = PBXFileReference; fileEncoding = 4; lastKnownFileType = sourcecode.swift; name = ViewController.swift; path = RiseOfSkills/Code/Controllers/UIViewController/ViewController/ViewController.swift; sourceTree = SOURCE_ROOT; };
		21A362941F06794700F663BD /* TableViewController.swift */ = {isa = PBXFileReference; fileEncoding = 4; lastKnownFileType = sourcecode.swift; name = TableViewController.swift; path = RiseOfSkills/Code/Controllers/UIViewController/TableView/TableViewController.swift; sourceTree = SOURCE_ROOT; };
		21A362961F06795700F663BD /* CollectionViewController.swift */ = {isa = PBXFileReference; fileEncoding = 4; lastKnownFileType = sourcecode.swift; name = CollectionViewController.swift; path = RiseOfSkills/Code/Controllers/UIViewController/CollectionView/CollectionViewController.swift; sourceTree = SOURCE_ROOT; };
		21A362981F06796500F663BD /* PageViewController.swift */ = {isa = PBXFileReference; fileEncoding = 4; lastKnownFileType = sourcecode.swift; name = PageViewController.swift; path = RiseOfSkills/Code/Controllers/UIViewController/PageView/PageViewController.swift; sourceTree = SOURCE_ROOT; };
		21A3629A1F06797A00F663BD /* TableViewHeaderFooterView.swift */ = {isa = PBXFileReference; fileEncoding = 4; lastKnownFileType = sourcecode.swift; name = TableViewHeaderFooterView.swift; path = RiseOfSkills/Code/Views/UIView/TableViewHeaderFooterView/TableViewHeaderFooterView.swift; sourceTree = SOURCE_ROOT; };
		21A3629B1F06797A00F663BD /* TableViewHeaderFooterView.xib */ = {isa = PBXFileReference; fileEncoding = 4; lastKnownFileType = file.xib; name = TableViewHeaderFooterView.xib; path = RiseOfSkills/Code/Views/UIView/TableViewHeaderFooterView/TableViewHeaderFooterView.xib; sourceTree = SOURCE_ROOT; };
		21A3629E1F06798D00F663BD /* CollectionReusableView.swift */ = {isa = PBXFileReference; fileEncoding = 4; lastKnownFileType = sourcecode.swift; name = CollectionReusableView.swift; path = RiseOfSkills/Code/Views/UIView/CollectionReusableView/CollectionReusableView.swift; sourceTree = SOURCE_ROOT; };
		21A3629F1F06798D00F663BD /* CollectionReusableView.xib */ = {isa = PBXFileReference; fileEncoding = 4; lastKnownFileType = file.xib; name = CollectionReusableView.xib; path = RiseOfSkills/Code/Views/UIView/CollectionReusableView/CollectionReusableView.xib; sourceTree = SOURCE_ROOT; };
		21A362A21F06799C00F663BD /* TableViewCell.swift */ = {isa = PBXFileReference; fileEncoding = 4; lastKnownFileType = sourcecode.swift; name = TableViewCell.swift; path = RiseOfSkills/Code/Views/UIView/TableViewCell/TableViewCell.swift; sourceTree = SOURCE_ROOT; };
		21A362A31F06799C00F663BD /* TableViewCell.xib */ = {isa = PBXFileReference; fileEncoding = 4; lastKnownFileType = file.xib; name = TableViewCell.xib; path = RiseOfSkills/Code/Views/UIView/TableViewCell/TableViewCell.xib; sourceTree = SOURCE_ROOT; };
		21A362A61F0679B600F663BD /* CollectionViewCell.swift */ = {isa = PBXFileReference; fileEncoding = 4; lastKnownFileType = sourcecode.swift; name = CollectionViewCell.swift; path = RiseOfSkills/Code/Views/UIView/CollectionViewCell/CollectionViewCell.swift; sourceTree = SOURCE_ROOT; };
		21A362A71F0679B600F663BD /* CollectionViewCell.xib */ = {isa = PBXFileReference; fileEncoding = 4; lastKnownFileType = file.xib; name = CollectionViewCell.xib; path = RiseOfSkills/Code/Views/UIView/CollectionViewCell/CollectionViewCell.xib; sourceTree = SOURCE_ROOT; };
		21A362AA1F0679C600F663BD /* Assets.xcassets */ = {isa = PBXFileReference; lastKnownFileType = folder.assetcatalog; name = Assets.xcassets; path = RiseOfSkills/Ressources/Assets.xcassets; sourceTree = SOURCE_ROOT; };
		21A362AB1F0679C600F663BD /* Info.plist */ = {isa = PBXFileReference; fileEncoding = 4; lastKnownFileType = text.plist.xml; name = Info.plist; path = RiseOfSkills/Ressources/Info.plist; sourceTree = SOURCE_ROOT; };
		21A362BF1F068F2400F663BD /* Router.swift */ = {isa = PBXFileReference; fileEncoding = 4; lastKnownFileType = sourcecode.swift; path = Router.swift; sourceTree = "<group>"; };
		21A362C01F068F2400F663BD /* Routing.swift */ = {isa = PBXFileReference; fileEncoding = 4; lastKnownFileType = sourcecode.swift; path = Routing.swift; sourceTree = "<group>"; };
		426E3BB6612FC3C981406E7B /* Pods-RiseOfSkills.debug.xcconfig */ = {isa = PBXFileReference; includeInIndex = 1; lastKnownFileType = text.xcconfig; name = "Pods-RiseOfSkills.debug.xcconfig"; path = "Pods/Target Support Files/Pods-RiseOfSkills/Pods-RiseOfSkills.debug.xcconfig"; sourceTree = "<group>"; };
		8419ED1F702D8830315879A3 /* Pods-RiseOfSkills.release.xcconfig */ = {isa = PBXFileReference; includeInIndex = 1; lastKnownFileType = text.xcconfig; name = "Pods-RiseOfSkills.release.xcconfig"; path = "Pods/Target Support Files/Pods-RiseOfSkills/Pods-RiseOfSkills.release.xcconfig"; sourceTree = "<group>"; };
		CAE2AC0E39AB39429D821B9B /* Pods_RiseOfSkills.framework */ = {isa = PBXFileReference; explicitFileType = wrapper.framework; includeInIndex = 0; path = Pods_RiseOfSkills.framework; sourceTree = BUILT_PRODUCTS_DIR; };
/* End PBXFileReference section */

/* Begin PBXFrameworksBuildPhase section */
		2140F83F1EE04BC8000942A4 /* Frameworks */ = {
			isa = PBXFrameworksBuildPhase;
			buildActionMask = 2147483647;
			files = (
				45059EFE56308BCCB3CBEC98 /* Pods_RiseOfSkills.framework in Frameworks */,
			);
			runOnlyForDeploymentPostprocessing = 0;
		};
/* End PBXFrameworksBuildPhase section */

/* Begin PBXGroup section */
		2140F8391EE04BC8000942A4 = {
			isa = PBXGroup;
			children = (
				2140F8441EE04BC8000942A4 /* RiseOfSkills */,
				2140F8431EE04BC8000942A4 /* Products */,
				B49A3B180C2CB53A006EBB30 /* Pods */,
				5F7B72F3DF2F80BE5A150E52 /* Frameworks */,
			);
			sourceTree = "<group>";
		};
		2140F8431EE04BC8000942A4 /* Products */ = {
			isa = PBXGroup;
			children = (
				2140F8421EE04BC8000942A4 /* RiseOfSkills.app */,
			);
			name = Products;
			sourceTree = "<group>";
		};
		2140F8441EE04BC8000942A4 /* RiseOfSkills */ = {
			isa = PBXGroup;
			children = (
				2140F8571EE04C16000942A4 /* Code */,
				2140F8581EE04C21000942A4 /* Resources */,
			);
			name = RiseOfSkills;
			path = RiseOfIosSkills;
			sourceTree = "<group>";
		};
		2140F8571EE04C16000942A4 /* Code */ = {
			isa = PBXGroup;
			children = (
				2140F85F1EE04D87000942A4 /* AppDelegate */,
				21A362B01F06891100F663BD /* Services */,
				2140F8621EE04DB6000942A4 /* Controllers */,
				2140F8611EE04DA0000942A4 /* ViewModels */,
				2140F8601EE04D98000942A4 /* Views */,
				2140F8631EE04F74000942A4 /* Utils */,
			);
			name = Code;
			sourceTree = "<group>";
		};
		2140F8581EE04C21000942A4 /* Resources */ = {
			isa = PBXGroup;
			children = (
				21A362AA1F0679C600F663BD /* Assets.xcassets */,
				21A362AB1F0679C600F663BD /* Info.plist */,
			);
			name = Resources;
			sourceTree = "<group>";
		};
		2140F85F1EE04D87000942A4 /* AppDelegate */ = {
			isa = PBXGroup;
			children = (
				21A3628E1F06790A00F663BD /* AppDelegate.swift */,
			);
			name = AppDelegate;
			sourceTree = "<group>";
		};
		2140F8601EE04D98000942A4 /* Views */ = {
			isa = PBXGroup;
			children = (
				2140F8791EE066EB000942A4 /* UIView */,
			);
			name = Views;
			sourceTree = "<group>";
		};
		2140F8611EE04DA0000942A4 /* ViewModels */ = {
			isa = PBXGroup;
			children = (
			);
			name = ViewModels;
			sourceTree = "<group>";
		};
		2140F8621EE04DB6000942A4 /* Controllers */ = {
			isa = PBXGroup;
			children = (
				2140F8681EE05503000942A4 /* UIViewController */,
			);
			name = Controllers;
			sourceTree = "<group>";
		};
		2140F8631EE04F74000942A4 /* Utils */ = {
			isa = PBXGroup;
			children = (
			);
			name = Utils;
			sourceTree = "<group>";
		};
		2140F8681EE05503000942A4 /* UIViewController */ = {
			isa = PBXGroup;
			children = (
				21A362901F06792100F663BD /* ViewController.storyboard */,
				2140F86E1EE05A42000942A4 /* ViewController */,
				2140F86A1EE05533000942A4 /* TableView */,
				2140F86B1EE0553B000942A4 /* CollectionView */,
				2140F8691EE05522000942A4 /* PageView */,
			);
			name = UIViewController;
			sourceTree = "<group>";
		};
		2140F8691EE05522000942A4 /* PageView */ = {
			isa = PBXGroup;
			children = (
				21A362981F06796500F663BD /* PageViewController.swift */,
			);
			name = PageView;
			sourceTree = "<group>";
		};
		2140F86A1EE05533000942A4 /* TableView */ = {
			isa = PBXGroup;
			children = (
				21A362941F06794700F663BD /* TableViewController.swift */,
			);
			name = TableView;
			sourceTree = "<group>";
		};
		2140F86B1EE0553B000942A4 /* CollectionView */ = {
			isa = PBXGroup;
			children = (
				21A362961F06795700F663BD /* CollectionViewController.swift */,
			);
			name = CollectionView;
			sourceTree = "<group>";
		};
		2140F86E1EE05A42000942A4 /* ViewController */ = {
			isa = PBXGroup;
			children = (
				21A362921F06793200F663BD /* ViewController.swift */,
			);
			name = ViewController;
			sourceTree = "<group>";
		};
		2140F8791EE066EB000942A4 /* UIView */ = {
			isa = PBXGroup;
			children = (
				2140F8891EE1AECE000942A4 /* tableViewHeaderFooterView */,
				2140F8841EE18B15000942A4 /* CollectionReusableView */,
				2140F87A1EE066FB000942A4 /* TableViewCell */,
				2140F87B1EE06703000942A4 /* CollectionViewCell */,
			);
			name = UIView;
			sourceTree = "<group>";
		};
		2140F87A1EE066FB000942A4 /* TableViewCell */ = {
			isa = PBXGroup;
			children = (
				21A362A21F06799C00F663BD /* TableViewCell.swift */,
				21A362A31F06799C00F663BD /* TableViewCell.xib */,
			);
			name = TableViewCell;
			sourceTree = "<group>";
		};
		2140F87B1EE06703000942A4 /* CollectionViewCell */ = {
			isa = PBXGroup;
			children = (
				21A362A61F0679B600F663BD /* CollectionViewCell.swift */,
				21A362A71F0679B600F663BD /* CollectionViewCell.xib */,
			);
			name = CollectionViewCell;
			sourceTree = "<group>";
		};
		2140F8841EE18B15000942A4 /* CollectionReusableView */ = {
			isa = PBXGroup;
			children = (
				21A3629E1F06798D00F663BD /* CollectionReusableView.swift */,
				21A3629F1F06798D00F663BD /* CollectionReusableView.xib */,
			);
			name = CollectionReusableView;
			sourceTree = "<group>";
		};
		2140F8891EE1AECE000942A4 /* tableViewHeaderFooterView */ = {
			isa = PBXGroup;
			children = (
				21A3629A1F06797A00F663BD /* TableViewHeaderFooterView.swift */,
				21A3629B1F06797A00F663BD /* TableViewHeaderFooterView.xib */,
			);
			name = tableViewHeaderFooterView;
			sourceTree = "<group>";
		};
		21A362B01F06891100F663BD /* Services */ = {
			isa = PBXGroup;
			children = (
				21A362BD1F068F2400F663BD /* Networking */,
			);
			name = Services;
			path = RiseOfSkills/Code/Services;
			sourceTree = SOURCE_ROOT;
		};
		21A362BD1F068F2400F663BD /* Networking */ = {
			isa = PBXGroup;
			children = (
				21A362BE1F068F2400F663BD /* Router */,
			);
			path = Networking;
			sourceTree = "<group>";
		};
		21A362BE1F068F2400F663BD /* Router */ = {
			isa = PBXGroup;
			children = (
				21A362C01F068F2400F663BD /* Routing.swift */,
				21A362BF1F068F2400F663BD /* Router.swift */,
			);
			path = Router;
			sourceTree = "<group>";
		};
		5F7B72F3DF2F80BE5A150E52 /* Frameworks */ = {
			isa = PBXGroup;
			children = (
				CAE2AC0E39AB39429D821B9B /* Pods_RiseOfSkills.framework */,
			);
			name = Frameworks;
			sourceTree = "<group>";
		};
		B49A3B180C2CB53A006EBB30 /* Pods */ = {
			isa = PBXGroup;
			children = (
				426E3BB6612FC3C981406E7B /* Pods-RiseOfSkills.debug.xcconfig */,
				8419ED1F702D8830315879A3 /* Pods-RiseOfSkills.release.xcconfig */,
			);
			name = Pods;
			sourceTree = "<group>";
		};
/* End PBXGroup section */

/* Begin PBXNativeTarget section */
		2140F8411EE04BC8000942A4 /* RiseOfSkills */ = {
			isa = PBXNativeTarget;
			buildConfigurationList = 2140F8541EE04BC8000942A4 /* Build configuration list for PBXNativeTarget "RiseOfSkills" */;
			buildPhases = (
				27BD3FCBE9E770CDADB721D1 /* [CP] Check Pods Manifest.lock */,
				2140F83E1EE04BC8000942A4 /* Sources */,
				2140F83F1EE04BC8000942A4 /* Frameworks */,
				2140F8401EE04BC8000942A4 /* Resources */,
				15C26F5303860BF10D70AC50 /* [CP] Embed Pods Frameworks */,
				035E1C6D84F83FACE389B524 /* [CP] Copy Pods Resources */,
			);
			buildRules = (
			);
			dependencies = (
			);
			name = RiseOfSkills;
			productName = RiseOfIosSkills;
			productReference = 2140F8421EE04BC8000942A4 /* RiseOfSkills.app */;
			productType = "com.apple.product-type.application";
		};
/* End PBXNativeTarget section */

/* Begin PBXProject section */
		2140F83A1EE04BC8000942A4 /* Project object */ = {
			isa = PBXProject;
			attributes = {
				LastSwiftUpdateCheck = 0830;
				LastUpgradeCheck = 0830;
				ORGANIZATIONNAME = "Wildine Anthony";
				TargetAttributes = {
					2140F8411EE04BC8000942A4 = {
						CreatedOnToolsVersion = 8.3.2;
						DevelopmentTeam = L457P7P756;
						LastSwiftMigration = 0830;
						ProvisioningStyle = Automatic;
					};
				};
			};
			buildConfigurationList = 2140F83D1EE04BC8000942A4 /* Build configuration list for PBXProject "RiseOfSkills" */;
			compatibilityVersion = "Xcode 3.2";
			developmentRegion = English;
			hasScannedForEncodings = 0;
			knownRegions = (
				en,
				Base,
			);
			mainGroup = 2140F8391EE04BC8000942A4;
			productRefGroup = 2140F8431EE04BC8000942A4 /* Products */;
			projectDirPath = "";
			projectRoot = "";
			targets = (
				2140F8411EE04BC8000942A4 /* RiseOfSkills */,
			);
		};
/* End PBXProject section */

/* Begin PBXResourcesBuildPhase section */
		2140F8401EE04BC8000942A4 /* Resources */ = {
			isa = PBXResourcesBuildPhase;
			buildActionMask = 2147483647;
			files = (
				21A362AD1F0679C600F663BD /* Info.plist in Resources */,
				21A3629D1F06797A00F663BD /* TableViewHeaderFooterView.xib in Resources */,
				21A362A11F06798D00F663BD /* CollectionReusableView.xib in Resources */,
				21A362A51F06799C00F663BD /* TableViewCell.xib in Resources */,
				21A362A91F0679B600F663BD /* CollectionViewCell.xib in Resources */,
				21A362AC1F0679C600F663BD /* Assets.xcassets in Resources */,
				21A362911F06792100F663BD /* ViewController.storyboard in Resources */,
			);
			runOnlyForDeploymentPostprocessing = 0;
		};
/* End PBXResourcesBuildPhase section */

/* Begin PBXShellScriptBuildPhase section */
		035E1C6D84F83FACE389B524 /* [CP] Copy Pods Resources */ = {
			isa = PBXShellScriptBuildPhase;
			buildActionMask = 2147483647;
			files = (
			);
			inputPaths = (
			);
			name = "[CP] Copy Pods Resources";
			outputPaths = (
			);
			runOnlyForDeploymentPostprocessing = 0;
			shellPath = /bin/sh;
			shellScript = "\"${SRCROOT}/Pods/Target Support Files/Pods-RiseOfSkills/Pods-RiseOfSkills-resources.sh\"\n";
			showEnvVarsInLog = 0;
		};
		15C26F5303860BF10D70AC50 /* [CP] Embed Pods Frameworks */ = {
			isa = PBXShellScriptBuildPhase;
			buildActionMask = 2147483647;
			files = (
			);
			inputPaths = (
			);
			name = "[CP] Embed Pods Frameworks";
			outputPaths = (
			);
			runOnlyForDeploymentPostprocessing = 0;
			shellPath = /bin/sh;
			shellScript = "\"${SRCROOT}/Pods/Target Support Files/Pods-RiseOfSkills/Pods-RiseOfSkills-frameworks.sh\"\n";
			showEnvVarsInLog = 0;
		};
		27BD3FCBE9E770CDADB721D1 /* [CP] Check Pods Manifest.lock */ = {
			isa = PBXShellScriptBuildPhase;
			buildActionMask = 2147483647;
			files = (
			);
			inputPaths = (
			);
			name = "[CP] Check Pods Manifest.lock";
			outputPaths = (
			);
			runOnlyForDeploymentPostprocessing = 0;
			shellPath = /bin/sh;
			shellScript = "diff \"${PODS_PODFILE_DIR_PATH}/Podfile.lock\" \"${PODS_ROOT}/Manifest.lock\" > /dev/null\nif [ $? != 0 ] ; then\n    # print error to STDERR\n    echo \"error: The sandbox is not in sync with the Podfile.lock. Run 'pod install' or update your CocoaPods installation.\" >&2\n    exit 1\nfi\n";
			showEnvVarsInLog = 0;
		};
/* End PBXShellScriptBuildPhase section */

/* Begin PBXSourcesBuildPhase section */
		2140F83E1EE04BC8000942A4 /* Sources */ = {
			isa = PBXSourcesBuildPhase;
			buildActionMask = 2147483647;
			files = (
				21A362A81F0679B600F663BD /* CollectionViewCell.swift in Sources */,
				21A362931F06793200F663BD /* ViewController.swift in Sources */,
				21A362C11F068F2400F663BD /* Router.swift in Sources */,
				21A362991F06796500F663BD /* PageViewController.swift in Sources */,
				21A362A01F06798D00F663BD /* CollectionReusableView.swift in Sources */,
				21A362C21F068F2400F663BD /* Routing.swift in Sources */,
				21A3629C1F06797A00F663BD /* TableViewHeaderFooterView.swift in Sources */,
				21A362951F06794700F663BD /* TableViewController.swift in Sources */,
				21A362A41F06799C00F663BD /* TableViewCell.swift in Sources */,
				21A362971F06795700F663BD /* CollectionViewController.swift in Sources */,
				21A3628F1F06790A00F663BD /* AppDelegate.swift in Sources */,
			);
			runOnlyForDeploymentPostprocessing = 0;
		};
/* End PBXSourcesBuildPhase section */

/* Begin XCBuildConfiguration section */
		2140F8521EE04BC8000942A4 /* Debug */ = {
			isa = XCBuildConfiguration;
			buildSettings = {
				ALWAYS_SEARCH_USER_PATHS = NO;
				CLANG_ANALYZER_NONNULL = YES;
				CLANG_ANALYZER_NUMBER_OBJECT_CONVERSION = YES_AGGRESSIVE;
				CLANG_CXX_LANGUAGE_STANDARD = "gnu++0x";
				CLANG_CXX_LIBRARY = "libc++";
				CLANG_ENABLE_MODULES = YES;
				CLANG_ENABLE_OBJC_ARC = YES;
				CLANG_WARN_BOOL_CONVERSION = YES;
				CLANG_WARN_CONSTANT_CONVERSION = YES;
				CLANG_WARN_DIRECT_OBJC_ISA_USAGE = YES_ERROR;
				CLANG_WARN_DOCUMENTATION_COMMENTS = YES;
				CLANG_WARN_EMPTY_BODY = YES;
				CLANG_WARN_ENUM_CONVERSION = YES;
				CLANG_WARN_INFINITE_RECURSION = YES;
				CLANG_WARN_INT_CONVERSION = YES;
				CLANG_WARN_OBJC_ROOT_CLASS = YES_ERROR;
				CLANG_WARN_SUSPICIOUS_MOVE = YES;
				CLANG_WARN_UNREACHABLE_CODE = YES;
				CLANG_WARN__DUPLICATE_METHOD_MATCH = YES;
				"CODE_SIGN_IDENTITY[sdk=iphoneos*]" = "iPhone Developer";
				COPY_PHASE_STRIP = NO;
				DEBUG_INFORMATION_FORMAT = dwarf;
				ENABLE_STRICT_OBJC_MSGSEND = YES;
				ENABLE_TESTABILITY = YES;
				GCC_C_LANGUAGE_STANDARD = gnu99;
				GCC_DYNAMIC_NO_PIC = NO;
				GCC_NO_COMMON_BLOCKS = YES;
				GCC_OPTIMIZATION_LEVEL = 0;
				GCC_PREPROCESSOR_DEFINITIONS = (
					"DEBUG=1",
					"$(inherited)",
				);
				GCC_WARN_64_TO_32_BIT_CONVERSION = YES;
				GCC_WARN_ABOUT_RETURN_TYPE = YES_ERROR;
				GCC_WARN_UNDECLARED_SELECTOR = YES;
				GCC_WARN_UNINITIALIZED_AUTOS = YES_AGGRESSIVE;
				GCC_WARN_UNUSED_FUNCTION = YES;
				GCC_WARN_UNUSED_VARIABLE = YES;
				IPHONEOS_DEPLOYMENT_TARGET = 10.3;
				MTL_ENABLE_DEBUG_INFO = YES;
				ONLY_ACTIVE_ARCH = YES;
				SDKROOT = iphoneos;
				SWIFT_ACTIVE_COMPILATION_CONDITIONS = DEBUG;
				SWIFT_OPTIMIZATION_LEVEL = "-Onone";
				TARGETED_DEVICE_FAMILY = "1,2";
			};
			name = Debug;
		};
		2140F8531EE04BC8000942A4 /* Release */ = {
			isa = XCBuildConfiguration;
			buildSettings = {
				ALWAYS_SEARCH_USER_PATHS = NO;
				CLANG_ANALYZER_NONNULL = YES;
				CLANG_ANALYZER_NUMBER_OBJECT_CONVERSION = YES_AGGRESSIVE;
				CLANG_CXX_LANGUAGE_STANDARD = "gnu++0x";
				CLANG_CXX_LIBRARY = "libc++";
				CLANG_ENABLE_MODULES = YES;
				CLANG_ENABLE_OBJC_ARC = YES;
				CLANG_WARN_BOOL_CONVERSION = YES;
				CLANG_WARN_CONSTANT_CONVERSION = YES;
				CLANG_WARN_DIRECT_OBJC_ISA_USAGE = YES_ERROR;
				CLANG_WARN_DOCUMENTATION_COMMENTS = YES;
				CLANG_WARN_EMPTY_BODY = YES;
				CLANG_WARN_ENUM_CONVERSION = YES;
				CLANG_WARN_INFINITE_RECURSION = YES;
				CLANG_WARN_INT_CONVERSION = YES;
				CLANG_WARN_OBJC_ROOT_CLASS = YES_ERROR;
				CLANG_WARN_SUSPICIOUS_MOVE = YES;
				CLANG_WARN_UNREACHABLE_CODE = YES;
				CLANG_WARN__DUPLICATE_METHOD_MATCH = YES;
				"CODE_SIGN_IDENTITY[sdk=iphoneos*]" = "iPhone Developer";
				COPY_PHASE_STRIP = NO;
				DEBUG_INFORMATION_FORMAT = "dwarf-with-dsym";
				ENABLE_NS_ASSERTIONS = NO;
				ENABLE_STRICT_OBJC_MSGSEND = YES;
				GCC_C_LANGUAGE_STANDARD = gnu99;
				GCC_NO_COMMON_BLOCKS = YES;
				GCC_WARN_64_TO_32_BIT_CONVERSION = YES;
				GCC_WARN_ABOUT_RETURN_TYPE = YES_ERROR;
				GCC_WARN_UNDECLARED_SELECTOR = YES;
				GCC_WARN_UNINITIALIZED_AUTOS = YES_AGGRESSIVE;
				GCC_WARN_UNUSED_FUNCTION = YES;
				GCC_WARN_UNUSED_VARIABLE = YES;
				IPHONEOS_DEPLOYMENT_TARGET = 10.3;
				MTL_ENABLE_DEBUG_INFO = NO;
				SDKROOT = iphoneos;
				SWIFT_OPTIMIZATION_LEVEL = "-Owholemodule";
				TARGETED_DEVICE_FAMILY = "1,2";
				VALIDATE_PRODUCT = YES;
			};
			name = Release;
		};
		2140F8551EE04BC8000942A4 /* Debug */ = {
			isa = XCBuildConfiguration;
			baseConfigurationReference = 426E3BB6612FC3C981406E7B /* Pods-RiseOfSkills.debug.xcconfig */;
			buildSettings = {
				ASSETCATALOG_COMPILER_APPICON_NAME = AppIcon;
				CLANG_ENABLE_MODULES = YES;
				DEVELOPMENT_TEAM = L457P7P756;
				INFOPLIST_FILE = "$(SRCROOT)/RiseOfSkills/Ressources/Info.plist";
				IPHONEOS_DEPLOYMENT_TARGET = 9.0;
				LD_RUNPATH_SEARCH_PATHS = "$(inherited) @executable_path/Frameworks";
				PRODUCT_BUNDLE_IDENTIFIER = com.wildine.RiseOfSkills;
				PRODUCT_NAME = "$(TARGET_NAME)";
				SWIFT_OPTIMIZATION_LEVEL = "-Onone";
				SWIFT_VERSION = 3.0;
			};
			name = Debug;
		};
		2140F8561EE04BC8000942A4 /* Release */ = {
			isa = XCBuildConfiguration;
			baseConfigurationReference = 8419ED1F702D8830315879A3 /* Pods-RiseOfSkills.release.xcconfig */;
			buildSettings = {
				ASSETCATALOG_COMPILER_APPICON_NAME = AppIcon;
				CLANG_ENABLE_MODULES = YES;
				DEVELOPMENT_TEAM = L457P7P756;
				INFOPLIST_FILE = "$(SRCROOT)/RiseOfSkills/Ressources/Info.plist";
				IPHONEOS_DEPLOYMENT_TARGET = 9.0;
				LD_RUNPATH_SEARCH_PATHS = "$(inherited) @executable_path/Frameworks";
				PRODUCT_BUNDLE_IDENTIFIER = com.wildine.RiseOfSkills;
				PRODUCT_NAME = "$(TARGET_NAME)";
				SWIFT_VERSION = 3.0;
			};
			name = Release;
		};
/* End XCBuildConfiguration section */

/* Begin XCConfigurationList section */
		2140F83D1EE04BC8000942A4 /* Build configuration list for PBXProject "RiseOfSkills" */ = {
			isa = XCConfigurationList;
			buildConfigurations = (
				2140F8521EE04BC8000942A4 /* Debug */,
				2140F8531EE04BC8000942A4 /* Release */,
			);
			defaultConfigurationIsVisible = 0;
			defaultConfigurationName = Release;
		};
		2140F8541EE04BC8000942A4 /* Build configuration list for PBXNativeTarget "RiseOfSkills" */ = {
			isa = XCConfigurationList;
			buildConfigurations = (
				2140F8551EE04BC8000942A4 /* Debug */,
				2140F8561EE04BC8000942A4 /* Release */,
			);
			defaultConfigurationIsVisible = 0;
			defaultConfigurationName = Release;
		};
/* End XCConfigurationList section */
	};
	rootObject = 2140F83A1EE04BC8000942A4 /* Project object */;
}
